// !$*UTF8*$!
{
	archiveVersion = 1;
	classes = {
	};
	objectVersion = 55;
	objects = {

/* Begin PBXBuildFile section */
		D246279E281A9ADD00A3810E /* AppConstants.swift in Sources */ = {isa = PBXBuildFile; fileRef = D246279D281A9ADD00A3810E /* AppConstants.swift */; };
		D2586D8A282BD63800714AD0 /* ResultPageController.swift in Sources */ = {isa = PBXBuildFile; fileRef = D2586D89282BD63800714AD0 /* ResultPageController.swift */; };
		D26A2A50282559610095FE6E /* QuizTestScores.swift in Sources */ = {isa = PBXBuildFile; fileRef = D26A2A4F282559610095FE6E /* QuizTestScores.swift */; };
		D2D3C408283D0CFA002D3613 /* QuestionDatabase.swift in Sources */ = {isa = PBXBuildFile; fileRef = D2D3C407283D0CFA002D3613 /* QuestionDatabase.swift */; };
		D2D4C16A281956980098C257 /* Question.swift in Sources */ = {isa = PBXBuildFile; fileRef = D2D4C169281956980098C257 /* Question.swift */; };
		D2D4C16E28195DC50098C257 /* QuestionEnums.swift in Sources */ = {isa = PBXBuildFile; fileRef = D2D4C16D28195DC50098C257 /* QuestionEnums.swift */; };
		D2D4C170281A97B60098C257 /* MenuViewController.swift in Sources */ = {isa = PBXBuildFile; fileRef = D2D4C16F281A97B60098C257 /* MenuViewController.swift */; };
		D2DF40BE282E61BF00DE29D1 /* TraitData.swift in Sources */ = {isa = PBXBuildFile; fileRef = D2DF40BD282E61BF00DE29D1 /* TraitData.swift */; };
		D2EB6DD5284110DE004DCA39 /* ResultData.swift in Sources */ = {isa = PBXBuildFile; fileRef = D2EB6DD4284110DE004DCA39 /* ResultData.swift */; };
		D2EB6DD728411D29004DCA39 /* ResultCellColors.swift in Sources */ = {isa = PBXBuildFile; fileRef = D2EB6DD628411D29004DCA39 /* ResultCellColors.swift */; };
		D2EC90CC2848A29F003D1478 /* CustomTestPageController.swift in Sources */ = {isa = PBXBuildFile; fileRef = D2EC90CB2848A29F003D1478 /* CustomTestPageController.swift */; };
		D2EC90CE2848C26F003D1478 /* CustomCell.swift in Sources */ = {isa = PBXBuildFile; fileRef = D2EC90CD2848C26F003D1478 /* CustomCell.swift */; };
		D2F622A6281478550092D58C /* AppDelegate.swift in Sources */ = {isa = PBXBuildFile; fileRef = D2F622A5281478550092D58C /* AppDelegate.swift */; };
		D2F622A8281478550092D58C /* SceneDelegate.swift in Sources */ = {isa = PBXBuildFile; fileRef = D2F622A7281478550092D58C /* SceneDelegate.swift */; };
		D2F622AA281478550092D58C /* QuizViewController.swift in Sources */ = {isa = PBXBuildFile; fileRef = D2F622A9281478550092D58C /* QuizViewController.swift */; };
		D2F622AD281478550092D58C /* Main.storyboard in Resources */ = {isa = PBXBuildFile; fileRef = D2F622AB281478550092D58C /* Main.storyboard */; };
		D2F622AF281478560092D58C /* Assets.xcassets in Resources */ = {isa = PBXBuildFile; fileRef = D2F622AE281478560092D58C /* Assets.xcassets */; };
		D2F622B2281478560092D58C /* LaunchScreen.storyboard in Resources */ = {isa = PBXBuildFile; fileRef = D2F622B0281478560092D58C /* LaunchScreen.storyboard */; };
/* End PBXBuildFile section */

/* Begin PBXFileReference section */
		D246279D281A9ADD00A3810E /* AppConstants.swift */ = {isa = PBXFileReference; lastKnownFileType = sourcecode.swift; path = AppConstants.swift; sourceTree = "<group>"; };
		D2586D89282BD63800714AD0 /* ResultPageController.swift */ = {isa = PBXFileReference; lastKnownFileType = sourcecode.swift; path = ResultPageController.swift; sourceTree = "<group>"; };
		D26A2A4F282559610095FE6E /* QuizTestScores.swift */ = {isa = PBXFileReference; lastKnownFileType = sourcecode.swift; path = QuizTestScores.swift; sourceTree = "<group>"; };
		D2D3C407283D0CFA002D3613 /* QuestionDatabase.swift */ = {isa = PBXFileReference; lastKnownFileType = sourcecode.swift; path = QuestionDatabase.swift; sourceTree = "<group>"; };
		D2D4C169281956980098C257 /* Question.swift */ = {isa = PBXFileReference; lastKnownFileType = sourcecode.swift; path = Question.swift; sourceTree = "<group>"; };
		D2D4C16D28195DC50098C257 /* QuestionEnums.swift */ = {isa = PBXFileReference; lastKnownFileType = sourcecode.swift; path = QuestionEnums.swift; sourceTree = "<group>"; };
		D2D4C16F281A97B60098C257 /* MenuViewController.swift */ = {isa = PBXFileReference; lastKnownFileType = sourcecode.swift; path = MenuViewController.swift; sourceTree = "<group>"; };
		D2DF40BD282E61BF00DE29D1 /* TraitData.swift */ = {isa = PBXFileReference; lastKnownFileType = sourcecode.swift; path = TraitData.swift; sourceTree = "<group>"; };
		D2EB6DD4284110DE004DCA39 /* ResultData.swift */ = {isa = PBXFileReference; lastKnownFileType = sourcecode.swift; path = ResultData.swift; sourceTree = "<group>"; };
		D2EB6DD628411D29004DCA39 /* ResultCellColors.swift */ = {isa = PBXFileReference; lastKnownFileType = sourcecode.swift; path = ResultCellColors.swift; sourceTree = "<group>"; };
		D2EC90CB2848A29F003D1478 /* CustomTestPageController.swift */ = {isa = PBXFileReference; fileEncoding = 4; lastKnownFileType = sourcecode.swift; path = CustomTestPageController.swift; sourceTree = "<group>"; };
		D2EC90CD2848C26F003D1478 /* CustomCell.swift */ = {isa = PBXFileReference; lastKnownFileType = sourcecode.swift; path = CustomCell.swift; sourceTree = "<group>"; };
		D2F622A2281478550092D58C /* Big5  Personality Traits Quiz.app */ = {isa = PBXFileReference; explicitFileType = wrapper.application; includeInIndex = 0; path = "Big5  Personality Traits Quiz.app"; sourceTree = BUILT_PRODUCTS_DIR; };
		D2F622A5281478550092D58C /* AppDelegate.swift */ = {isa = PBXFileReference; lastKnownFileType = sourcecode.swift; path = AppDelegate.swift; sourceTree = "<group>"; };
		D2F622A7281478550092D58C /* SceneDelegate.swift */ = {isa = PBXFileReference; lastKnownFileType = sourcecode.swift; path = SceneDelegate.swift; sourceTree = "<group>"; };
		D2F622A9281478550092D58C /* QuizViewController.swift */ = {isa = PBXFileReference; lastKnownFileType = sourcecode.swift; path = QuizViewController.swift; sourceTree = "<group>"; };
		D2F622AC281478550092D58C /* Base */ = {isa = PBXFileReference; lastKnownFileType = file.storyboard; name = Base; path = Base.lproj/Main.storyboard; sourceTree = "<group>"; };
		D2F622AE281478560092D58C /* Assets.xcassets */ = {isa = PBXFileReference; lastKnownFileType = folder.assetcatalog; path = Assets.xcassets; sourceTree = "<group>"; };
		D2F622B1281478560092D58C /* Base */ = {isa = PBXFileReference; lastKnownFileType = file.storyboard; name = Base; path = Base.lproj/LaunchScreen.storyboard; sourceTree = "<group>"; };
		D2F622B3281478560092D58C /* Info.plist */ = {isa = PBXFileReference; lastKnownFileType = text.plist.xml; path = Info.plist; sourceTree = "<group>"; };
/* End PBXFileReference section */

/* Begin PBXFrameworksBuildPhase section */
		D2F6229F281478550092D58C /* Frameworks */ = {
			isa = PBXFrameworksBuildPhase;
			buildActionMask = 2147483647;
			files = (
			);
			runOnlyForDeploymentPostprocessing = 0;
		};
/* End PBXFrameworksBuildPhase section */

/* Begin PBXGroup section */
		D246279C281A9AC000A3810E /* Supporting Files */ = {
			isa = PBXGroup;
			children = (
				D2F622AE281478560092D58C /* Assets.xcassets */,
				D246279D281A9ADD00A3810E /* AppConstants.swift */,
				D2EB6DD628411D29004DCA39 /* ResultCellColors.swift */,
				D2EC90CD2848C26F003D1478 /* CustomCell.swift */,
			);
			path = "Supporting Files";
			sourceTree = "<group>";
		};
		D2762CE32818567B00A247CE /* Models */ = {
			isa = PBXGroup;
			children = (
				D2D4C169281956980098C257 /* Question.swift */,
				D2D3C407283D0CFA002D3613 /* QuestionDatabase.swift */,
				D2D4C16D28195DC50098C257 /* QuestionEnums.swift */,
				D26A2A4F282559610095FE6E /* QuizTestScores.swift */,
				D2DF40BD282E61BF00DE29D1 /* TraitData.swift */,
				D2EB6DD4284110DE004DCA39 /* ResultData.swift */,
			);
			path = Models;
			sourceTree = "<group>";
		};
		D2762CE42818568400A247CE /* Views */ = {
			isa = PBXGroup;
			children = (
				D2F622B0281478560092D58C /* LaunchScreen.storyboard */,
				D2F622AB281478550092D58C /* Main.storyboard */,
			);
			path = Views;
			sourceTree = "<group>";
		};
		D2762CE52818569300A247CE /* Controllers */ = {
			isa = PBXGroup;
			children = (
				D2D4C16F281A97B60098C257 /* MenuViewController.swift */,
				D2EC90CB2848A29F003D1478 /* CustomTestPageController.swift */,
				D2F622A9281478550092D58C /* QuizViewController.swift */,
				D2586D89282BD63800714AD0 /* ResultPageController.swift */,
			);
			path = Controllers;
			sourceTree = "<group>";
		};
		D2F62299281478550092D58C = {
			isa = PBXGroup;
			children = (
				D2F622A4281478550092D58C /* Big5Quiz */,
				D2F622A3281478550092D58C /* Products */,
			);
			sourceTree = "<group>";
		};
		D2F622A3281478550092D58C /* Products */ = {
			isa = PBXGroup;
			children = (
				D2F622A2281478550092D58C /* Big5  Personality Traits Quiz.app */,
			);
			name = Products;
			sourceTree = "<group>";
		};
		D2F622A4281478550092D58C /* Big5Quiz */ = {
			isa = PBXGroup;
			children = (
				D2F622A5281478550092D58C /* AppDelegate.swift */,
				D2F622A7281478550092D58C /* SceneDelegate.swift */,
				D2762CE32818567B00A247CE /* Models */,
				D2762CE42818568400A247CE /* Views */,
				D2762CE52818569300A247CE /* Controllers */,
				D246279C281A9AC000A3810E /* Supporting Files */,
				D2F622B3281478560092D58C /* Info.plist */,
			);
			path = Big5Quiz;
			sourceTree = "<group>";
		};
/* End PBXGroup section */

/* Begin PBXNativeTarget section */
		D2F622A1281478550092D58C /* Big5Quiz */ = {
			isa = PBXNativeTarget;
			buildConfigurationList = D2F622B6281478560092D58C /* Build configuration list for PBXNativeTarget "Big5Quiz" */;
			buildPhases = (
				D2F6229E281478550092D58C /* Sources */,
				D2F6229F281478550092D58C /* Frameworks */,
				D2F622A0281478550092D58C /* Resources */,
			);
			buildRules = (
			);
			dependencies = (
			);
			name = Big5Quiz;
			productName = Big5Quiz;
			productReference = D2F622A2281478550092D58C /* Big5  Personality Traits Quiz.app */;
			productType = "com.apple.product-type.application";
		};
/* End PBXNativeTarget section */

/* Begin PBXProject section */
		D2F6229A281478550092D58C /* Project object */ = {
			isa = PBXProject;
			attributes = {
				BuildIndependentTargetsInParallel = 1;
				LastSwiftUpdateCheck = 1320;
				LastUpgradeCheck = 1320;
				TargetAttributes = {
					D2F622A1281478550092D58C = {
						CreatedOnToolsVersion = 13.2.1;
					};
				};
			};
			buildConfigurationList = D2F6229D281478550092D58C /* Build configuration list for PBXProject "Big5Quiz" */;
			compatibilityVersion = "Xcode 13.0";
			developmentRegion = en;
			hasScannedForEncodings = 0;
			knownRegions = (
				en,
				Base,
			);
			mainGroup = D2F62299281478550092D58C;
			productRefGroup = D2F622A3281478550092D58C /* Products */;
			projectDirPath = "";
			projectRoot = "";
			targets = (
				D2F622A1281478550092D58C /* Big5Quiz */,
			);
		};
/* End PBXProject section */

/* Begin PBXResourcesBuildPhase section */
		D2F622A0281478550092D58C /* Resources */ = {
			isa = PBXResourcesBuildPhase;
			buildActionMask = 2147483647;
			files = (
				D2F622B2281478560092D58C /* LaunchScreen.storyboard in Resources */,
				D2F622AF281478560092D58C /* Assets.xcassets in Resources */,
				D2F622AD281478550092D58C /* Main.storyboard in Resources */,
			);
			runOnlyForDeploymentPostprocessing = 0;
		};
/* End PBXResourcesBuildPhase section */

/* Begin PBXSourcesBuildPhase section */
		D2F6229E281478550092D58C /* Sources */ = {
			isa = PBXSourcesBuildPhase;
			buildActionMask = 2147483647;
			files = (
				D2EB6DD728411D29004DCA39 /* ResultCellColors.swift in Sources */,
				D2F622AA281478550092D58C /* QuizViewController.swift in Sources */,
				D2D4C16A281956980098C257 /* Question.swift in Sources */,
				D2D4C16E28195DC50098C257 /* QuestionEnums.swift in Sources */,
				D2EC90CC2848A29F003D1478 /* CustomTestPageController.swift in Sources */,
				D2D3C408283D0CFA002D3613 /* QuestionDatabase.swift in Sources */,
				D2EB6DD5284110DE004DCA39 /* ResultData.swift in Sources */,
				D2EC90CE2848C26F003D1478 /* CustomCell.swift in Sources */,
				D246279E281A9ADD00A3810E /* AppConstants.swift in Sources */,
				D2D4C170281A97B60098C257 /* MenuViewController.swift in Sources */,
				D26A2A50282559610095FE6E /* QuizTestScores.swift in Sources */,
				D2F622A6281478550092D58C /* AppDelegate.swift in Sources */,
				D2586D8A282BD63800714AD0 /* ResultPageController.swift in Sources */,
				D2F622A8281478550092D58C /* SceneDelegate.swift in Sources */,
				D2DF40BE282E61BF00DE29D1 /* TraitData.swift in Sources */,
			);
			runOnlyForDeploymentPostprocessing = 0;
		};
/* End PBXSourcesBuildPhase section */

/* Begin PBXVariantGroup section */
		D2F622AB281478550092D58C /* Main.storyboard */ = {
			isa = PBXVariantGroup;
			children = (
				D2F622AC281478550092D58C /* Base */,
			);
			name = Main.storyboard;
			sourceTree = "<group>";
		};
		D2F622B0281478560092D58C /* LaunchScreen.storyboard */ = {
			isa = PBXVariantGroup;
			children = (
				D2F622B1281478560092D58C /* Base */,
			);
			name = LaunchScreen.storyboard;
			sourceTree = "<group>";
		};
/* End PBXVariantGroup section */

/* Begin XCBuildConfiguration section */
		D2F622B4281478560092D58C /* Debug */ = {
			isa = XCBuildConfiguration;
			buildSettings = {
				ALWAYS_SEARCH_USER_PATHS = NO;
				CLANG_ANALYZER_NONNULL = YES;
				CLANG_ANALYZER_NUMBER_OBJECT_CONVERSION = YES_AGGRESSIVE;
				CLANG_CXX_LANGUAGE_STANDARD = "gnu++17";
				CLANG_CXX_LIBRARY = "libc++";
				CLANG_ENABLE_MODULES = YES;
				CLANG_ENABLE_OBJC_ARC = YES;
				CLANG_ENABLE_OBJC_WEAK = YES;
				CLANG_WARN_BLOCK_CAPTURE_AUTORELEASING = YES;
				CLANG_WARN_BOOL_CONVERSION = YES;
				CLANG_WARN_COMMA = YES;
				CLANG_WARN_CONSTANT_CONVERSION = YES;
				CLANG_WARN_DEPRECATED_OBJC_IMPLEMENTATIONS = YES;
				CLANG_WARN_DIRECT_OBJC_ISA_USAGE = YES_ERROR;
				CLANG_WARN_DOCUMENTATION_COMMENTS = YES;
				CLANG_WARN_EMPTY_BODY = YES;
				CLANG_WARN_ENUM_CONVERSION = YES;
				CLANG_WARN_INFINITE_RECURSION = YES;
				CLANG_WARN_INT_CONVERSION = YES;
				CLANG_WARN_NON_LITERAL_NULL_CONVERSION = YES;
				CLANG_WARN_OBJC_IMPLICIT_RETAIN_SELF = YES;
				CLANG_WARN_OBJC_LITERAL_CONVERSION = YES;
				CLANG_WARN_OBJC_ROOT_CLASS = YES_ERROR;
				CLANG_WARN_QUOTED_INCLUDE_IN_FRAMEWORK_HEADER = YES;
				CLANG_WARN_RANGE_LOOP_ANALYSIS = YES;
				CLANG_WARN_STRICT_PROTOTYPES = YES;
				CLANG_WARN_SUSPICIOUS_MOVE = YES;
				CLANG_WARN_UNGUARDED_AVAILABILITY = YES_AGGRESSIVE;
				CLANG_WARN_UNREACHABLE_CODE = YES;
				CLANG_WARN__DUPLICATE_METHOD_MATCH = YES;
				COPY_PHASE_STRIP = NO;
				DEBUG_INFORMATION_FORMAT = dwarf;
				ENABLE_STRICT_OBJC_MSGSEND = YES;
				ENABLE_TESTABILITY = YES;
				GCC_C_LANGUAGE_STANDARD = gnu11;
				GCC_DYNAMIC_NO_PIC = NO;
				GCC_NO_COMMON_BLOCKS = YES;
				GCC_OPTIMIZATION_LEVEL = 0;
				GCC_PREPROCESSOR_DEFINITIONS = (
					"DEBUG=1",
					"$(inherited)",
				);
				GCC_WARN_64_TO_32_BIT_CONVERSION = YES;
				GCC_WARN_ABOUT_RETURN_TYPE = YES_ERROR;
				GCC_WARN_UNDECLARED_SELECTOR = YES;
				GCC_WARN_UNINITIALIZED_AUTOS = YES_AGGRESSIVE;
				GCC_WARN_UNUSED_FUNCTION = YES;
				GCC_WARN_UNUSED_VARIABLE = YES;
				IPHONEOS_DEPLOYMENT_TARGET = 15.2;
				MTL_ENABLE_DEBUG_INFO = INCLUDE_SOURCE;
				MTL_FAST_MATH = YES;
				ONLY_ACTIVE_ARCH = YES;
				SDKROOT = iphoneos;
				SWIFT_ACTIVE_COMPILATION_CONDITIONS = DEBUG;
				SWIFT_OPTIMIZATION_LEVEL = "-Onone";
			};
			name = Debug;
		};
		D2F622B5281478560092D58C /* Release */ = {
			isa = XCBuildConfiguration;
			buildSettings = {
				ALWAYS_SEARCH_USER_PATHS = NO;
				CLANG_ANALYZER_NONNULL = YES;
				CLANG_ANALYZER_NUMBER_OBJECT_CONVERSION = YES_AGGRESSIVE;
				CLANG_CXX_LANGUAGE_STANDARD = "gnu++17";
				CLANG_CXX_LIBRARY = "libc++";
				CLANG_ENABLE_MODULES = YES;
				CLANG_ENABLE_OBJC_ARC = YES;
				CLANG_ENABLE_OBJC_WEAK = YES;
				CLANG_WARN_BLOCK_CAPTURE_AUTORELEASING = YES;
				CLANG_WARN_BOOL_CONVERSION = YES;
				CLANG_WARN_COMMA = YES;
				CLANG_WARN_CONSTANT_CONVERSION = YES;
				CLANG_WARN_DEPRECATED_OBJC_IMPLEMENTATIONS = YES;
				CLANG_WARN_DIRECT_OBJC_ISA_USAGE = YES_ERROR;
				CLANG_WARN_DOCUMENTATION_COMMENTS = YES;
				CLANG_WARN_EMPTY_BODY = YES;
				CLANG_WARN_ENUM_CONVERSION = YES;
				CLANG_WARN_INFINITE_RECURSION = YES;
				CLANG_WARN_INT_CONVERSION = YES;
				CLANG_WARN_NON_LITERAL_NULL_CONVERSION = YES;
				CLANG_WARN_OBJC_IMPLICIT_RETAIN_SELF = YES;
				CLANG_WARN_OBJC_LITERAL_CONVERSION = YES;
				CLANG_WARN_OBJC_ROOT_CLASS = YES_ERROR;
				CLANG_WARN_QUOTED_INCLUDE_IN_FRAMEWORK_HEADER = YES;
				CLANG_WARN_RANGE_LOOP_ANALYSIS = YES;
				CLANG_WARN_STRICT_PROTOTYPES = YES;
				CLANG_WARN_SUSPICIOUS_MOVE = YES;
				CLANG_WARN_UNGUARDED_AVAILABILITY = YES_AGGRESSIVE;
				CLANG_WARN_UNREACHABLE_CODE = YES;
				CLANG_WARN__DUPLICATE_METHOD_MATCH = YES;
				COPY_PHASE_STRIP = NO;
				DEBUG_INFORMATION_FORMAT = "dwarf-with-dsym";
				ENABLE_NS_ASSERTIONS = NO;
				ENABLE_STRICT_OBJC_MSGSEND = YES;
				GCC_C_LANGUAGE_STANDARD = gnu11;
				GCC_NO_COMMON_BLOCKS = YES;
				GCC_WARN_64_TO_32_BIT_CONVERSION = YES;
				GCC_WARN_ABOUT_RETURN_TYPE = YES_ERROR;
				GCC_WARN_UNDECLARED_SELECTOR = YES;
				GCC_WARN_UNINITIALIZED_AUTOS = YES_AGGRESSIVE;
				GCC_WARN_UNUSED_FUNCTION = YES;
				GCC_WARN_UNUSED_VARIABLE = YES;
				IPHONEOS_DEPLOYMENT_TARGET = 15.2;
				MTL_ENABLE_DEBUG_INFO = NO;
				MTL_FAST_MATH = YES;
				SDKROOT = iphoneos;
				SWIFT_COMPILATION_MODE = wholemodule;
				SWIFT_OPTIMIZATION_LEVEL = "-O";
				VALIDATE_PRODUCT = YES;
			};
			name = Release;
		};
		D2F622B7281478560092D58C /* Debug */ = {
			isa = XCBuildConfiguration;
			buildSettings = {
				ASSETCATALOG_COMPILER_APPICON_NAME = AppIcon;
				ASSETCATALOG_COMPILER_GLOBAL_ACCENT_COLOR_NAME = AccentColor;
				CODE_SIGN_STYLE = Automatic;
				CURRENT_PROJECT_VERSION = 1;
				DEVELOPMENT_TEAM = 2W375Q6GZ6;
				GENERATE_INFOPLIST_FILE = YES;
				INFOPLIST_FILE = Big5Quiz/Info.plist;
				INFOPLIST_KEY_UIApplicationSupportsIndirectInputEvents = YES;
				INFOPLIST_KEY_UILaunchStoryboardName = LaunchScreen;
				INFOPLIST_KEY_UIMainStoryboardFile = Main;
				INFOPLIST_KEY_UISupportedInterfaceOrientations_iPad = "UIInterfaceOrientationPortrait UIInterfaceOrientationPortraitUpsideDown UIInterfaceOrientationLandscapeLeft UIInterfaceOrientationLandscapeRight";
				INFOPLIST_KEY_UISupportedInterfaceOrientations_iPhone = "UIInterfaceOrientationPortrait UIInterfaceOrientationLandscapeLeft UIInterfaceOrientationLandscapeRight";
				LD_RUNPATH_SEARCH_PATHS = (
					"$(inherited)",
					"@executable_path/Frameworks",
				);
				MARKETING_VERSION = 1.0;
				PRODUCT_BUNDLE_IDENTIFIER = com.leandro.banha.Big5Quiz;
				PRODUCT_NAME = "Big5  Personality Traits Quiz";
				SWIFT_EMIT_LOC_STRINGS = YES;
				SWIFT_VERSION = 5.0;
				TARGETED_DEVICE_FAMILY = "1,2";
			};
			name = Debug;
		};
		D2F622B8281478560092D58C /* Release */ = {
			isa = XCBuildConfiguration;
			buildSettings = {
				ASSETCATALOG_COMPILER_APPICON_NAME = AppIcon;
				ASSETCATALOG_COMPILER_GLOBAL_ACCENT_COLOR_NAME = AccentColor;
				CODE_SIGN_STYLE = Automatic;
				CURRENT_PROJECT_VERSION = 1;
				DEVELOPMENT_TEAM = 2W375Q6GZ6;
				GENERATE_INFOPLIST_FILE = YES;
				INFOPLIST_FILE = Big5Quiz/Info.plist;
				INFOPLIST_KEY_UIApplicationSupportsIndirectInputEvents = YES;
				INFOPLIST_KEY_UILaunchStoryboardName = LaunchScreen;
				INFOPLIST_KEY_UIMainStoryboardFile = Main;
				INFOPLIST_KEY_UISupportedInterfaceOrientations_iPad = "UIInterfaceOrientationPortrait UIInterfaceOrientationPortraitUpsideDown UIInterfaceOrientationLandscapeLeft UIInterfaceOrientationLandscapeRight";
				INFOPLIST_KEY_UISupportedInterfaceOrientations_iPhone = "UIInterfaceOrientationPortrait UIInterfaceOrientationLandscapeLeft UIInterfaceOrientationLandscapeRight";
				LD_RUNPATH_SEARCH_PATHS = (
					"$(inherited)",
					"@executable_path/Frameworks",
				);
				MARKETING_VERSION = 1.0;
				PRODUCT_BUNDLE_IDENTIFIER = com.leandro.banha.Big5Quiz;
				PRODUCT_NAME = "Big5  Personality Traits Quiz";
				SWIFT_EMIT_LOC_STRINGS = YES;
				SWIFT_VERSION = 5.0;
				TARGETED_DEVICE_FAMILY = "1,2";
			};
			name = Release;
		};
/* End XCBuildConfiguration section */

/* Begin XCConfigurationList section */
		D2F6229D281478550092D58C /* Build configuration list for PBXProject "Big5Quiz" */ = {
			isa = XCConfigurationList;
			buildConfigurations = (
				D2F622B4281478560092D58C /* Debug */,
				D2F622B5281478560092D58C /* Release */,
			);
			defaultConfigurationIsVisible = 0;
			defaultConfigurationName = Release;
		};
		D2F622B6281478560092D58C /* Build configuration list for PBXNativeTarget "Big5Quiz" */ = {
			isa = XCConfigurationList;
			buildConfigurations = (
				D2F622B7281478560092D58C /* Debug */,
				D2F622B8281478560092D58C /* Release */,
			);
			defaultConfigurationIsVisible = 0;
			defaultConfigurationName = Release;
		};
/* End XCConfigurationList section */
	};
	rootObject = D2F6229A281478550092D58C /* Project object */;
}
